
Microsoft Visual Studio Solution File, Format Version 12.00
# Visual Studio Version 17
VisualStudioVersion = 17.9.34902.65
MinimumVisualStudioVersion = 10.0.40219.1
Project("{FAE04EC0-301F-11D3-BF4B-00C04F79EFBC}") = "CadastroPacientes", "CadastroPacientes\CadastroPacientes.csproj", "{0BD42D46-814B-464E-AF59-D9624E79A7F4}"
EndProject
Global
	GlobalSection(SolutionConfigurationPlatforms) = preSolution
		Debug|Any CPU = Debug|Any CPU
		Release|Any CPU = Release|Any CPU
	EndGlobalSection
	GlobalSection(ProjectConfigurationPlatforms) = postSolution
		{0BD42D46-814B-464E-AF59-D9624E79A7F4}.Debug|Any CPU.ActiveCfg = Debug|Any CPU
		{0BD42D46-814B-464E-AF59-D9624E79A7F4}.Debug|Any CPU.Build.0 = Debug|Any CPU
		{0BD42D46-814B-464E-AF59-D9624E79A7F4}.Release|Any CPU.ActiveCfg = Release|Any CPU
		{0BD42D46-814B-464E-AF59-D9624E79A7F4}.Release|Any CPU.Build.0 = Release|Any CPU
	EndGlobalSection
	GlobalSection(SolutionProperties) = preSolution
		HideSolutionNode = FALSE
	EndGlobalSection
	GlobalSection(ExtensibilityGlobals) = postSolution
		SolutionGuid = {CDC2A746-98EB-467A-9C7C-E97CEA0E193A}
	EndGlobalSection
EndGlobal
