
Microsoft Visual Studio Solution File, Format Version 12.00
# Visual Studio Version 16
VisualStudioVersion = 16.0.34729.46
MinimumVisualStudioVersion = 10.0.40219.1
Project("{FAE04EC0-301F-11D3-BF4B-00C04F79EFBC}") = "OiMundo", "OiMundo\OiMundo.csproj", "{6C915EEF-0960-4AA8-95B6-349782839A79}"
EndProject
Global
	GlobalSection(SolutionConfigurationPlatforms) = preSolution
		Debug|Any CPU = Debug|Any CPU
		Release|Any CPU = Release|Any CPU
	EndGlobalSection
	GlobalSection(ProjectConfigurationPlatforms) = postSolution
		{6C915EEF-0960-4AA8-95B6-349782839A79}.Debug|Any CPU.ActiveCfg = Debug|Any CPU
		{6C915EEF-0960-4AA8-95B6-349782839A79}.Debug|Any CPU.Build.0 = Debug|Any CPU
		{6C915EEF-0960-4AA8-95B6-349782839A79}.Release|Any CPU.ActiveCfg = Release|Any CPU
		{6C915EEF-0960-4AA8-95B6-349782839A79}.Release|Any CPU.Build.0 = Release|Any CPU
	EndGlobalSection
	GlobalSection(SolutionProperties) = preSolution
		HideSolutionNode = FALSE
	EndGlobalSection
	GlobalSection(ExtensibilityGlobals) = postSolution
		SolutionGuid = {27F83775-CB27-4B49-8436-ABD31B597A7D}
	EndGlobalSection
EndGlobal
